{
  "name": "shared",
  "lockfileVersion": 3,
  "requires": true,
  "packages": {
    "": {
      "dependencies": {
        "json-as-xlsx": "^2.5.6"
      }
    },
    "node_modules/@e965/xlsx": {
      "version": "0.20.3",
      "resolved": "https://registry.npmjs.org/@e965/xlsx/-/xlsx-0.20.3.tgz",
      "integrity": "sha512-703RN/3OdsRD5mtse2HBX7Um7xwaP9tlswEG6svOtjqokXoX7rJdQj7DyabD2I+xk22RgaIIU+R6BHgkpZGB/w==",
      "bin": {
        "xlsx": "bin/xlsx.njs"
      },
      "engines": {
        "node": ">=0.8"
      }
    },
    "node_modules/json-as-xlsx": {
      "version": "2.5.6",
      "resolved": "https://registry.npmjs.org/json-as-xlsx/-/json-as-xlsx-2.5.6.tgz",
      "integrity": "sha512-z7phlB+VgS9wZv2N4SBKlguC3C7uauSj2PYSZICCrPaiu1lu8zkCpzZ4sOHWi0/3Je0CJl87q+J+3mpZbxpOew==",
      "dependencies": {
        "@e965/xlsx": "^0.20.0"
      }
    }
  }
}
